
Microsoft Visual Studio Solution File, Format Version 12.00
# Visual Studio Version 17
Project("{8BC9CEB8-8B4A-11D0-8D11-00A0C91BC942}") = "ALL_BUILD", "ALL_BUILD.vcxproj", "{D5BB9206-6DAD-3448-BFBF-4CB5D4CB85A8}"
	ProjectSection(ProjectDependencies) = postProject
		{7A2B0CAD-230A-362D-BE0E-C200E60EC0D5} = {7A2B0CAD-230A-362D-BE0E-C200E60EC0D5}
		{44332D83-6923-333C-82D7-790FBA7447B9} = {44332D83-6923-333C-82D7-790FBA7447B9}
	EndProjectSection
EndProject
Project("{8BC9CEB8-8B4A-11D0-8D11-00A0C91BC942}") = "VkShaders", "VkShaders.vcxproj", "{DEA5A6F1-D792-3096-8629-1F3A6616A6C6}"
	ProjectSection(ProjectDependencies) = postProject
		{44332D83-6923-333C-82D7-790FBA7447B9} = {44332D83-6923-333C-82D7-790FBA7447B9}
	EndProjectSection
EndProject
Project("{8BC9CEB8-8B4A-11D0-8D11-00A0C91BC942}") = "VulkanQuickStart", "VulkanQuickStart.vcxproj", "{7A2B0CAD-230A-362D-BE0E-C200E60EC0D5}"
	ProjectSection(ProjectDependencies) = postProject
		{DEA5A6F1-D792-3096-8629-1F3A6616A6C6} = {DEA5A6F1-D792-3096-8629-1F3A6616A6C6}
		{44332D83-6923-333C-82D7-790FBA7447B9} = {44332D83-6923-333C-82D7-790FBA7447B9}
	EndProjectSection
EndProject
Project("{8BC9CEB8-8B4A-11D0-8D11-00A0C91BC942}") = "ZERO_CHECK", "ZERO_CHECK.vcxproj", "{44332D83-6923-333C-82D7-790FBA7447B9}"
	ProjectSection(ProjectDependencies) = postProject
	EndProjectSection
EndProject
Global
	GlobalSection(SolutionConfigurationPlatforms) = preSolution
		Debug|x64 = Debug|x64
		Release|x64 = Release|x64
		MinSizeRel|x64 = MinSizeRel|x64
		RelWithDebInfo|x64 = RelWithDebInfo|x64
	EndGlobalSection
	GlobalSection(ProjectConfigurationPlatforms) = postSolution
		{D5BB9206-6DAD-3448-BFBF-4CB5D4CB85A8}.Debug|x64.ActiveCfg = Debug|x64
		{D5BB9206-6DAD-3448-BFBF-4CB5D4CB85A8}.Release|x64.ActiveCfg = Release|x64
		{D5BB9206-6DAD-3448-BFBF-4CB5D4CB85A8}.MinSizeRel|x64.ActiveCfg = MinSizeRel|x64
		{D5BB9206-6DAD-3448-BFBF-4CB5D4CB85A8}.RelWithDebInfo|x64.ActiveCfg = RelWithDebInfo|x64
		{DEA5A6F1-D792-3096-8629-1F3A6616A6C6}.Debug|x64.ActiveCfg = Debug|x64
		{DEA5A6F1-D792-3096-8629-1F3A6616A6C6}.Debug|x64.Build.0 = Debug|x64
		{DEA5A6F1-D792-3096-8629-1F3A6616A6C6}.Release|x64.ActiveCfg = Release|x64
		{DEA5A6F1-D792-3096-8629-1F3A6616A6C6}.Release|x64.Build.0 = Release|x64
		{DEA5A6F1-D792-3096-8629-1F3A6616A6C6}.MinSizeRel|x64.ActiveCfg = MinSizeRel|x64
		{DEA5A6F1-D792-3096-8629-1F3A6616A6C6}.MinSizeRel|x64.Build.0 = MinSizeRel|x64
		{DEA5A6F1-D792-3096-8629-1F3A6616A6C6}.RelWithDebInfo|x64.ActiveCfg = RelWithDebInfo|x64
		{DEA5A6F1-D792-3096-8629-1F3A6616A6C6}.RelWithDebInfo|x64.Build.0 = RelWithDebInfo|x64
		{7A2B0CAD-230A-362D-BE0E-C200E60EC0D5}.Debug|x64.ActiveCfg = Debug|x64
		{7A2B0CAD-230A-362D-BE0E-C200E60EC0D5}.Debug|x64.Build.0 = Debug|x64
		{7A2B0CAD-230A-362D-BE0E-C200E60EC0D5}.Release|x64.ActiveCfg = Release|x64
		{7A2B0CAD-230A-362D-BE0E-C200E60EC0D5}.Release|x64.Build.0 = Release|x64
		{7A2B0CAD-230A-362D-BE0E-C200E60EC0D5}.MinSizeRel|x64.ActiveCfg = MinSizeRel|x64
		{7A2B0CAD-230A-362D-BE0E-C200E60EC0D5}.MinSizeRel|x64.Build.0 = MinSizeRel|x64
		{7A2B0CAD-230A-362D-BE0E-C200E60EC0D5}.RelWithDebInfo|x64.ActiveCfg = RelWithDebInfo|x64
		{7A2B0CAD-230A-362D-BE0E-C200E60EC0D5}.RelWithDebInfo|x64.Build.0 = RelWithDebInfo|x64
		{44332D83-6923-333C-82D7-790FBA7447B9}.Debug|x64.ActiveCfg = Debug|x64
		{44332D83-6923-333C-82D7-790FBA7447B9}.Debug|x64.Build.0 = Debug|x64
		{44332D83-6923-333C-82D7-790FBA7447B9}.Release|x64.ActiveCfg = Release|x64
		{44332D83-6923-333C-82D7-790FBA7447B9}.Release|x64.Build.0 = Release|x64
		{44332D83-6923-333C-82D7-790FBA7447B9}.MinSizeRel|x64.ActiveCfg = MinSizeRel|x64
		{44332D83-6923-333C-82D7-790FBA7447B9}.MinSizeRel|x64.Build.0 = MinSizeRel|x64
		{44332D83-6923-333C-82D7-790FBA7447B9}.RelWithDebInfo|x64.ActiveCfg = RelWithDebInfo|x64
		{44332D83-6923-333C-82D7-790FBA7447B9}.RelWithDebInfo|x64.Build.0 = RelWithDebInfo|x64
	EndGlobalSection
	GlobalSection(ExtensibilityGlobals) = postSolution
		SolutionGuid = {AF9A9F01-2683-3BE3-81D6-118E98E13AF1}
	EndGlobalSection
	GlobalSection(ExtensibilityAddIns) = postSolution
	EndGlobalSection
EndGlobal
